
Microsoft Visual Studio Solution File, Format Version 12.00
Project("{2150E333-8FDC-42A3-9474-1A3956D46DE8}") = "src", "src", "{B6273876-4DC1-4EFF-9196-AF3DD39E5375}"
EndProject
Project("{2150E333-8FDC-42A3-9474-1A3956D46DE8}") = "tests", "tests", "{83117B5E-AF2C-4014-9511-CBB94D48460B}"
EndProject
Project("{FAE04EC0-301F-11D3-BF4B-00C04F79EFBC}") = "Bot", "src\Bot\Bot.csproj", "{894CA837-79A3-4DA2-9225-DEF95D20C1BD}"
EndProject
Project("{FAE04EC0-301F-11D3-BF4B-00C04F79EFBC}") = "Bot.Discord", "src\Bot.Discord\Bot.Discord.csproj", "{C9A5A7B9-B98C-439E-A57E-14C3183A6F28}"
EndProject
Project("{2150E333-8FDC-42A3-9474-1A3956D46DE8}") = "persistence", "persistence", "{F9034237-A3F4-441E-9B2A-D85FF45E4A29}"
EndProject
Project("{FAE04EC0-301F-11D3-BF4B-00C04F79EFBC}") = "Bot.persistence.Domain", "src\persistence\Bot.persistence.Domain\Bot.persistence.Domain.csproj", "{B040B556-8BBD-4F60-AEAA-7DF04A8B6247}"
EndProject
Project("{FAE04EC0-301F-11D3-BF4B-00C04F79EFBC}") = "Bot.persistence", "src\persistence\Bot.persistence\Bot.persistence.csproj", "{F7B0851A-86BB-4383-946E-6E886C6CAE1A}"
EndProject
Project("{FAE04EC0-301F-11D3-BF4B-00C04F79EFBC}") = "Bot.persistence.MongoDb", "src\persistence\Bot.persistence.MongoDb\Bot.persistence.MongoDb.csproj", "{71882CBE-7E1C-4A01-8B15-DA179888C28D}"
EndProject
Project("{2150E333-8FDC-42A3-9474-1A3956D46DE8}") = "persistence", "persistence", "{1A428389-52D6-4258-86C7-584E4C16DA61}"
EndProject
Project("{FAE04EC0-301F-11D3-BF4B-00C04F79EFBC}") = "Bot.persistence.MongoDb.Tests", "tests\persistence\Bot.persistence.MongoDb.Tests\Bot.persistence.MongoDb.Tests.csproj", "{15AE13C5-B1DC-4B44-A641-7727420CCBD1}"
EndProject
Project("{FAE04EC0-301F-11D3-BF4B-00C04F79EFBC}") = "Bot.Discord.Tests", "tests\Bot.Discord.Tests\Bot.Discord.Tests.csproj", "{164FDDAC-A605-4D99-9862-4D887B511702}"
EndProject
Global
	GlobalSection(SolutionConfigurationPlatforms) = preSolution
		Debug|Any CPU = Debug|Any CPU
		Release|Any CPU = Release|Any CPU
	EndGlobalSection
	GlobalSection(NestedProjects) = preSolution
		{894CA837-79A3-4DA2-9225-DEF95D20C1BD} = {B6273876-4DC1-4EFF-9196-AF3DD39E5375}
		{C9A5A7B9-B98C-439E-A57E-14C3183A6F28} = {B6273876-4DC1-4EFF-9196-AF3DD39E5375}
		{F9034237-A3F4-441E-9B2A-D85FF45E4A29} = {B6273876-4DC1-4EFF-9196-AF3DD39E5375}
		{B040B556-8BBD-4F60-AEAA-7DF04A8B6247} = {F9034237-A3F4-441E-9B2A-D85FF45E4A29}
		{F7B0851A-86BB-4383-946E-6E886C6CAE1A} = {F9034237-A3F4-441E-9B2A-D85FF45E4A29}
		{71882CBE-7E1C-4A01-8B15-DA179888C28D} = {F9034237-A3F4-441E-9B2A-D85FF45E4A29}
		{1A428389-52D6-4258-86C7-584E4C16DA61} = {83117B5E-AF2C-4014-9511-CBB94D48460B}
		{15AE13C5-B1DC-4B44-A641-7727420CCBD1} = {1A428389-52D6-4258-86C7-584E4C16DA61}
		{164FDDAC-A605-4D99-9862-4D887B511702} = {83117B5E-AF2C-4014-9511-CBB94D48460B}
	EndGlobalSection
	GlobalSection(ProjectConfigurationPlatforms) = postSolution
		{894CA837-79A3-4DA2-9225-DEF95D20C1BD}.Debug|Any CPU.ActiveCfg = Debug|Any CPU
		{894CA837-79A3-4DA2-9225-DEF95D20C1BD}.Debug|Any CPU.Build.0 = Debug|Any CPU
		{894CA837-79A3-4DA2-9225-DEF95D20C1BD}.Release|Any CPU.ActiveCfg = Release|Any CPU
		{894CA837-79A3-4DA2-9225-DEF95D20C1BD}.Release|Any CPU.Build.0 = Release|Any CPU
		{C9A5A7B9-B98C-439E-A57E-14C3183A6F28}.Debug|Any CPU.ActiveCfg = Debug|Any CPU
		{C9A5A7B9-B98C-439E-A57E-14C3183A6F28}.Debug|Any CPU.Build.0 = Debug|Any CPU
		{C9A5A7B9-B98C-439E-A57E-14C3183A6F28}.Release|Any CPU.ActiveCfg = Release|Any CPU
		{C9A5A7B9-B98C-439E-A57E-14C3183A6F28}.Release|Any CPU.Build.0 = Release|Any CPU
		{B040B556-8BBD-4F60-AEAA-7DF04A8B6247}.Debug|Any CPU.ActiveCfg = Debug|Any CPU
		{B040B556-8BBD-4F60-AEAA-7DF04A8B6247}.Debug|Any CPU.Build.0 = Debug|Any CPU
		{B040B556-8BBD-4F60-AEAA-7DF04A8B6247}.Release|Any CPU.ActiveCfg = Release|Any CPU
		{B040B556-8BBD-4F60-AEAA-7DF04A8B6247}.Release|Any CPU.Build.0 = Release|Any CPU
		{F7B0851A-86BB-4383-946E-6E886C6CAE1A}.Debug|Any CPU.ActiveCfg = Debug|Any CPU
		{F7B0851A-86BB-4383-946E-6E886C6CAE1A}.Debug|Any CPU.Build.0 = Debug|Any CPU
		{F7B0851A-86BB-4383-946E-6E886C6CAE1A}.Release|Any CPU.ActiveCfg = Release|Any CPU
		{F7B0851A-86BB-4383-946E-6E886C6CAE1A}.Release|Any CPU.Build.0 = Release|Any CPU
		{71882CBE-7E1C-4A01-8B15-DA179888C28D}.Debug|Any CPU.ActiveCfg = Debug|Any CPU
		{71882CBE-7E1C-4A01-8B15-DA179888C28D}.Debug|Any CPU.Build.0 = Debug|Any CPU
		{71882CBE-7E1C-4A01-8B15-DA179888C28D}.Release|Any CPU.ActiveCfg = Release|Any CPU
		{71882CBE-7E1C-4A01-8B15-DA179888C28D}.Release|Any CPU.Build.0 = Release|Any CPU
		{15AE13C5-B1DC-4B44-A641-7727420CCBD1}.Debug|Any CPU.ActiveCfg = Debug|Any CPU
		{15AE13C5-B1DC-4B44-A641-7727420CCBD1}.Debug|Any CPU.Build.0 = Debug|Any CPU
		{15AE13C5-B1DC-4B44-A641-7727420CCBD1}.Release|Any CPU.ActiveCfg = Release|Any CPU
		{15AE13C5-B1DC-4B44-A641-7727420CCBD1}.Release|Any CPU.Build.0 = Release|Any CPU
		{164FDDAC-A605-4D99-9862-4D887B511702}.Debug|Any CPU.ActiveCfg = Debug|Any CPU
		{164FDDAC-A605-4D99-9862-4D887B511702}.Debug|Any CPU.Build.0 = Debug|Any CPU
		{164FDDAC-A605-4D99-9862-4D887B511702}.Release|Any CPU.ActiveCfg = Release|Any CPU
		{164FDDAC-A605-4D99-9862-4D887B511702}.Release|Any CPU.Build.0 = Release|Any CPU
	EndGlobalSection
EndGlobal
